
Microsoft Visual Studio Solution File, Format Version 12.00
Project("{FAE04EC0-301F-11D3-BF4B-00C04F79EFBC}") = "OpinionesETL", "OpinionesETL\OpinionesETL.csproj", "{F12F6ADF-A8BE-407A-AEB6-520022A994D0}"
EndProject
Project("{FAE04EC0-301F-11D3-BF4B-00C04F79EFBC}") = "OpinionesApi", "OpinionesApi\OpinionesApi.csproj", "{43C0FAF6-E5BC-43C8-A962-C0BAC323E151}"
EndProject
Global
	GlobalSection(SolutionConfigurationPlatforms) = preSolution
		Debug|Any CPU = Debug|Any CPU
		Release|Any CPU = Release|Any CPU
	EndGlobalSection
	GlobalSection(ProjectConfigurationPlatforms) = postSolution
		{F12F6ADF-A8BE-407A-AEB6-520022A994D0}.Debug|Any CPU.ActiveCfg = Debug|Any CPU
		{F12F6ADF-A8BE-407A-AEB6-520022A994D0}.Debug|Any CPU.Build.0 = Debug|Any CPU
		{F12F6ADF-A8BE-407A-AEB6-520022A994D0}.Release|Any CPU.ActiveCfg = Release|Any CPU
		{F12F6ADF-A8BE-407A-AEB6-520022A994D0}.Release|Any CPU.Build.0 = Release|Any CPU
		{43C0FAF6-E5BC-43C8-A962-C0BAC323E151}.Debug|Any CPU.ActiveCfg = Debug|Any CPU
		{43C0FAF6-E5BC-43C8-A962-C0BAC323E151}.Debug|Any CPU.Build.0 = Debug|Any CPU
		{43C0FAF6-E5BC-43C8-A962-C0BAC323E151}.Release|Any CPU.ActiveCfg = Release|Any CPU
		{43C0FAF6-E5BC-43C8-A962-C0BAC323E151}.Release|Any CPU.Build.0 = Release|Any CPU
	EndGlobalSection
EndGlobal
